// !$*UTF8*$!
{
	archiveVersion = 1;
	classes = {
	};
	objectVersion = 50;
	objects = {

/* Begin PBXBuildFile section */
		81745BE320F828F700C4A2ED /* AppDelegate.swift in Sources */ = {isa = PBXBuildFile; fileRef = 81745BE220F828F700C4A2ED /* AppDelegate.swift */; };
		81745BE520F828F700C4A2ED /* ViewController.swift in Sources */ = {isa = PBXBuildFile; fileRef = 81745BE420F828F700C4A2ED /* ViewController.swift */; };
		81745BE820F828F700C4A2ED /* Main.storyboard in Resources */ = {isa = PBXBuildFile; fileRef = 81745BE620F828F700C4A2ED /* Main.storyboard */; };
		81745BEA20F828F900C4A2ED /* Assets.xcassets in Resources */ = {isa = PBXBuildFile; fileRef = 81745BE920F828F900C4A2ED /* Assets.xcassets */; };
		81745BED20F828F900C4A2ED /* LaunchScreen.storyboard in Resources */ = {isa = PBXBuildFile; fileRef = 81745BEB20F828F900C4A2ED /* LaunchScreen.storyboard */; };
		81745BF820F828F900C4A2ED /* IMCTests.swift in Sources */ = {isa = PBXBuildFile; fileRef = 81745BF720F828F900C4A2ED /* IMCTests.swift */; };
		81745C0320F828F900C4A2ED /* IMCUITests.swift in Sources */ = {isa = PBXBuildFile; fileRef = 81745C0220F828F900C4A2ED /* IMCUITests.swift */; };
/* End PBXBuildFile section */

/* Begin PBXContainerItemProxy section */
		81745BF420F828F900C4A2ED /* PBXContainerItemProxy */ = {
			isa = PBXContainerItemProxy;
			containerPortal = 81745BD720F828F700C4A2ED /* Project object */;
			proxyType = 1;
			remoteGlobalIDString = 81745BDE20F828F700C4A2ED;
			remoteInfo = IMC;
		};
		81745BFF20F828F900C4A2ED /* PBXContainerItemProxy */ = {
			isa = PBXContainerItemProxy;
			containerPortal = 81745BD720F828F700C4A2ED /* Project object */;
			proxyType = 1;
			remoteGlobalIDString = 81745BDE20F828F700C4A2ED;
			remoteInfo = IMC;
		};
/* End PBXContainerItemProxy section */

/* Begin PBXFileReference section */
		81745BDF20F828F700C4A2ED /* IMC.app */ = {isa = PBXFileReference; explicitFileType = wrapper.application; includeInIndex = 0; path = IMC.app; sourceTree = BUILT_PRODUCTS_DIR; };
		81745BE220F828F700C4A2ED /* AppDelegate.swift */ = {isa = PBXFileReference; lastKnownFileType = sourcecode.swift; path = AppDelegate.swift; sourceTree = "<group>"; };
		81745BE420F828F700C4A2ED /* ViewController.swift */ = {isa = PBXFileReference; lastKnownFileType = sourcecode.swift; path = ViewController.swift; sourceTree = "<group>"; };
		81745BE720F828F700C4A2ED /* Base */ = {isa = PBXFileReference; lastKnownFileType = file.storyboard; name = Base; path = Base.lproj/Main.storyboard; sourceTree = "<group>"; };
		81745BE920F828F900C4A2ED /* Assets.xcassets */ = {isa = PBXFileReference; lastKnownFileType = folder.assetcatalog; path = Assets.xcassets; sourceTree = "<group>"; };
		81745BEC20F828F900C4A2ED /* Base */ = {isa = PBXFileReference; lastKnownFileType = file.storyboard; name = Base; path = Base.lproj/LaunchScreen.storyboard; sourceTree = "<group>"; };
		81745BEE20F828F900C4A2ED /* Info.plist */ = {isa = PBXFileReference; lastKnownFileType = text.plist.xml; path = Info.plist; sourceTree = "<group>"; };
		81745BF320F828F900C4A2ED /* IMCTests.xctest */ = {isa = PBXFileReference; explicitFileType = wrapper.cfbundle; includeInIndex = 0; path = IMCTests.xctest; sourceTree = BUILT_PRODUCTS_DIR; };
		81745BF720F828F900C4A2ED /* IMCTests.swift */ = {isa = PBXFileReference; lastKnownFileType = sourcecode.swift; path = IMCTests.swift; sourceTree = "<group>"; };
		81745BF920F828F900C4A2ED /* Info.plist */ = {isa = PBXFileReference; lastKnownFileType = text.plist.xml; path = Info.plist; sourceTree = "<group>"; };
		81745BFE20F828F900C4A2ED /* IMCUITests.xctest */ = {isa = PBXFileReference; explicitFileType = wrapper.cfbundle; includeInIndex = 0; path = IMCUITests.xctest; sourceTree = BUILT_PRODUCTS_DIR; };
		81745C0220F828F900C4A2ED /* IMCUITests.swift */ = {isa = PBXFileReference; lastKnownFileType = sourcecode.swift; path = IMCUITests.swift; sourceTree = "<group>"; };
		81745C0420F828F900C4A2ED /* Info.plist */ = {isa = PBXFileReference; lastKnownFileType = text.plist.xml; path = Info.plist; sourceTree = "<group>"; };
/* End PBXFileReference section */

/* Begin PBXFrameworksBuildPhase section */
		81745BDC20F828F700C4A2ED /* Frameworks */ = {
			isa = PBXFrameworksBuildPhase;
			buildActionMask = 2147483647;
			files = (
			);
			runOnlyForDeploymentPostprocessing = 0;
		};
		81745BF020F828F900C4A2ED /* Frameworks */ = {
			isa = PBXFrameworksBuildPhase;
			buildActionMask = 2147483647;
			files = (
			);
			runOnlyForDeploymentPostprocessing = 0;
		};
		81745BFB20F828F900C4A2ED /* Frameworks */ = {
			isa = PBXFrameworksBuildPhase;
			buildActionMask = 2147483647;
			files = (
			);
			runOnlyForDeploymentPostprocessing = 0;
		};
/* End PBXFrameworksBuildPhase section */

/* Begin PBXGroup section */
		81745BD620F828F700C4A2ED = {
			isa = PBXGroup;
			children = (
				81745BE120F828F700C4A2ED /* IMC */,
				81745BF620F828F900C4A2ED /* IMCTests */,
				81745C0120F828F900C4A2ED /* IMCUITests */,
				81745BE020F828F700C4A2ED /* Products */,
			);
			sourceTree = "<group>";
		};
		81745BE020F828F700C4A2ED /* Products */ = {
			isa = PBXGroup;
			children = (
				81745BDF20F828F700C4A2ED /* IMC.app */,
				81745BF320F828F900C4A2ED /* IMCTests.xctest */,
				81745BFE20F828F900C4A2ED /* IMCUITests.xctest */,
			);
			name = Products;
			sourceTree = "<group>";
		};
		81745BE120F828F700C4A2ED /* IMC */ = {
			isa = PBXGroup;
			children = (
				81745BE220F828F700C4A2ED /* AppDelegate.swift */,
				81745BE420F828F700C4A2ED /* ViewController.swift */,
				81745BE620F828F700C4A2ED /* Main.storyboard */,
				81745BE920F828F900C4A2ED /* Assets.xcassets */,
				81745BEB20F828F900C4A2ED /* LaunchScreen.storyboard */,
				81745BEE20F828F900C4A2ED /* Info.plist */,
			);
			path = IMC;
			sourceTree = "<group>";
		};
		81745BF620F828F900C4A2ED /* IMCTests */ = {
			isa = PBXGroup;
			children = (
				81745BF720F828F900C4A2ED /* IMCTests.swift */,
				81745BF920F828F900C4A2ED /* Info.plist */,
			);
			path = IMCTests;
			sourceTree = "<group>";
		};
		81745C0120F828F900C4A2ED /* IMCUITests */ = {
			isa = PBXGroup;
			children = (
				81745C0220F828F900C4A2ED /* IMCUITests.swift */,
				81745C0420F828F900C4A2ED /* Info.plist */,
			);
			path = IMCUITests;
			sourceTree = "<group>";
		};
/* End PBXGroup section */

/* Begin PBXNativeTarget section */
		81745BDE20F828F700C4A2ED /* IMC */ = {
			isa = PBXNativeTarget;
			buildConfigurationList = 81745C0720F828F900C4A2ED /* Build configuration list for PBXNativeTarget "IMC" */;
			buildPhases = (
				81745BDB20F828F700C4A2ED /* Sources */,
				81745BDC20F828F700C4A2ED /* Frameworks */,
				81745BDD20F828F700C4A2ED /* Resources */,
			);
			buildRules = (
			);
			dependencies = (
			);
			name = IMC;
			productName = IMC;
			productReference = 81745BDF20F828F700C4A2ED /* IMC.app */;
			productType = "com.apple.product-type.application";
		};
		81745BF220F828F900C4A2ED /* IMCTests */ = {
			isa = PBXNativeTarget;
			buildConfigurationList = 81745C0A20F828F900C4A2ED /* Build configuration list for PBXNativeTarget "IMCTests" */;
			buildPhases = (
				81745BEF20F828F900C4A2ED /* Sources */,
				81745BF020F828F900C4A2ED /* Frameworks */,
				81745BF120F828F900C4A2ED /* Resources */,
			);
			buildRules = (
			);
			dependencies = (
				81745BF520F828F900C4A2ED /* PBXTargetDependency */,
			);
			name = IMCTests;
			productName = IMCTests;
			productReference = 81745BF320F828F900C4A2ED /* IMCTests.xctest */;
			productType = "com.apple.product-type.bundle.unit-test";
		};
		81745BFD20F828F900C4A2ED /* IMCUITests */ = {
			isa = PBXNativeTarget;
			buildConfigurationList = 81745C0D20F828F900C4A2ED /* Build configuration list for PBXNativeTarget "IMCUITests" */;
			buildPhases = (
				81745BFA20F828F900C4A2ED /* Sources */,
				81745BFB20F828F900C4A2ED /* Frameworks */,
				81745BFC20F828F900C4A2ED /* Resources */,
			);
			buildRules = (
			);
			dependencies = (
				81745C0020F828F900C4A2ED /* PBXTargetDependency */,
			);
			name = IMCUITests;
			productName = IMCUITests;
			productReference = 81745BFE20F828F900C4A2ED /* IMCUITests.xctest */;
			productType = "com.apple.product-type.bundle.ui-testing";
		};
/* End PBXNativeTarget section */

/* Begin PBXProject section */
		81745BD720F828F700C4A2ED /* Project object */ = {
			isa = PBXProject;
			attributes = {
				LastSwiftUpdateCheck = 0940;
				LastUpgradeCheck = 0940;
				ORGANIZATIONNAME = Vinicius;
				TargetAttributes = {
					81745BDE20F828F700C4A2ED = {
						CreatedOnToolsVersion = 9.4.1;
					};
					81745BF220F828F900C4A2ED = {
						CreatedOnToolsVersion = 9.4.1;
						TestTargetID = 81745BDE20F828F700C4A2ED;
					};
					81745BFD20F828F900C4A2ED = {
						CreatedOnToolsVersion = 9.4.1;
						TestTargetID = 81745BDE20F828F700C4A2ED;
					};
				};
			};
			buildConfigurationList = 81745BDA20F828F700C4A2ED /* Build configuration list for PBXProject "IMC" */;
			compatibilityVersion = "Xcode 9.3";
			developmentRegion = en;
			hasScannedForEncodings = 0;
			knownRegions = (
				en,
				Base,
			);
			mainGroup = 81745BD620F828F700C4A2ED;
			productRefGroup = 81745BE020F828F700C4A2ED /* Products */;
			projectDirPath = "";
			projectRoot = "";
			targets = (
				81745BDE20F828F700C4A2ED /* IMC */,
				81745BF220F828F900C4A2ED /* IMCTests */,
				81745BFD20F828F900C4A2ED /* IMCUITests */,
			);
		};
/* End PBXProject section */

/* Begin PBXResourcesBuildPhase section */
		81745BDD20F828F700C4A2ED /* Resources */ = {
			isa = PBXResourcesBuildPhase;
			buildActionMask = 2147483647;
			files = (
				81745BED20F828F900C4A2ED /* LaunchScreen.storyboard in Resources */,
				81745BEA20F828F900C4A2ED /* Assets.xcassets in Resources */,
				81745BE820F828F700C4A2ED /* Main.storyboard in Resources */,
			);
			runOnlyForDeploymentPostprocessing = 0;
		};
		81745BF120F828F900C4A2ED /* Resources */ = {
			isa = PBXResourcesBuildPhase;
			buildActionMask = 2147483647;
			files = (
			);
			runOnlyForDeploymentPostprocessing = 0;
		};
		81745BFC20F828F900C4A2ED /* Resources */ = {
			isa = PBXResourcesBuildPhase;
			buildActionMask = 2147483647;
			files = (
			);
			runOnlyForDeploymentPostprocessing = 0;
		};
/* End PBXResourcesBuildPhase section */

/* Begin PBXSourcesBuildPhase section */
		81745BDB20F828F700C4A2ED /* Sources */ = {
			isa = PBXSourcesBuildPhase;
			buildActionMask = 2147483647;
			files = (
				81745BE520F828F700C4A2ED /* ViewController.swift in Sources */,
				81745BE320F828F700C4A2ED /* AppDelegate.swift in Sources */,
			);
			runOnlyForDeploymentPostprocessing = 0;
		};
		81745BEF20F828F900C4A2ED /* Sources */ = {
			isa = PBXSourcesBuildPhase;
			buildActionMask = 2147483647;
			files = (
				81745BF820F828F900C4A2ED /* IMCTests.swift in Sources */,
			);
			runOnlyForDeploymentPostprocessing = 0;
		};
		81745BFA20F828F900C4A2ED /* Sources */ = {
			isa = PBXSourcesBuildPhase;
			buildActionMask = 2147483647;
			files = (
				81745C0320F828F900C4A2ED /* IMCUITests.swift in Sources */,
			);
			runOnlyForDeploymentPostprocessing = 0;
		};
/* End PBXSourcesBuildPhase section */

/* Begin PBXTargetDependency section */
		81745BF520F828F900C4A2ED /* PBXTargetDependency */ = {
			isa = PBXTargetDependency;
			target = 81745BDE20F828F700C4A2ED /* IMC */;
			targetProxy = 81745BF420F828F900C4A2ED /* PBXContainerItemProxy */;
		};
		81745C0020F828F900C4A2ED /* PBXTargetDependency */ = {
			isa = PBXTargetDependency;
			target = 81745BDE20F828F700C4A2ED /* IMC */;
			targetProxy = 81745BFF20F828F900C4A2ED /* PBXContainerItemProxy */;
		};
/* End PBXTargetDependency section */

/* Begin PBXVariantGroup section */
		81745BE620F828F700C4A2ED /* Main.storyboard */ = {
			isa = PBXVariantGroup;
			children = (
				81745BE720F828F700C4A2ED /* Base */,
			);
			name = Main.storyboard;
			sourceTree = "<group>";
		};
		81745BEB20F828F900C4A2ED /* LaunchScreen.storyboard */ = {
			isa = PBXVariantGroup;
			children = (
				81745BEC20F828F900C4A2ED /* Base */,
			);
			name = LaunchScreen.storyboard;
			sourceTree = "<group>";
		};
/* End PBXVariantGroup section */

/* Begin XCBuildConfiguration section */
		81745C0520F828F900C4A2ED /* Debug */ = {
			isa = XCBuildConfiguration;
			buildSettings = {
				ALWAYS_SEARCH_USER_PATHS = NO;
				CLANG_ANALYZER_NONNULL = YES;
				CLANG_ANALYZER_NUMBER_OBJECT_CONVERSION = YES_AGGRESSIVE;
				CLANG_CXX_LANGUAGE_STANDARD = "gnu++14";
				CLANG_CXX_LIBRARY = "libc++";
				CLANG_ENABLE_MODULES = YES;
				CLANG_ENABLE_OBJC_ARC = YES;
				CLANG_ENABLE_OBJC_WEAK = YES;
				CLANG_WARN_BLOCK_CAPTURE_AUTORELEASING = YES;
				CLANG_WARN_BOOL_CONVERSION = YES;
				CLANG_WARN_COMMA = YES;
				CLANG_WARN_CONSTANT_CONVERSION = YES;
				CLANG_WARN_DEPRECATED_OBJC_IMPLEMENTATIONS = YES;
				CLANG_WARN_DIRECT_OBJC_ISA_USAGE = YES_ERROR;
				CLANG_WARN_DOCUMENTATION_COMMENTS = YES;
				CLANG_WARN_EMPTY_BODY = YES;
				CLANG_WARN_ENUM_CONVERSION = YES;
				CLANG_WARN_INFINITE_RECURSION = YES;
				CLANG_WARN_INT_CONVERSION = YES;
				CLANG_WARN_NON_LITERAL_NULL_CONVERSION = YES;
				CLANG_WARN_OBJC_IMPLICIT_RETAIN_SELF = YES;
				CLANG_WARN_OBJC_LITERAL_CONVERSION = YES;
				CLANG_WARN_OBJC_ROOT_CLASS = YES_ERROR;
				CLANG_WARN_RANGE_LOOP_ANALYSIS = YES;
				CLANG_WARN_STRICT_PROTOTYPES = YES;
				CLANG_WARN_SUSPICIOUS_MOVE = YES;
				CLANG_WARN_UNGUARDED_AVAILABILITY = YES_AGGRESSIVE;
				CLANG_WARN_UNREACHABLE_CODE = YES;
				CLANG_WARN__DUPLICATE_METHOD_MATCH = YES;
				CODE_SIGN_IDENTITY = "iPhone Developer";
				COPY_PHASE_STRIP = NO;
				DEBUG_INFORMATION_FORMAT = dwarf;
				ENABLE_STRICT_OBJC_MSGSEND = YES;
				ENABLE_TESTABILITY = YES;
				GCC_C_LANGUAGE_STANDARD = gnu11;
				GCC_DYNAMIC_NO_PIC = NO;
				GCC_NO_COMMON_BLOCKS = YES;
				GCC_OPTIMIZATION_LEVEL = 0;
				GCC_PREPROCESSOR_DEFINITIONS = (
					"DEBUG=1",
					"$(inherited)",
				);
				GCC_WARN_64_TO_32_BIT_CONVERSION = YES;
				GCC_WARN_ABOUT_RETURN_TYPE = YES_ERROR;
				GCC_WARN_UNDECLARED_SELECTOR = YES;
				GCC_WARN_UNINITIALIZED_AUTOS = YES_AGGRESSIVE;
				GCC_WARN_UNUSED_FUNCTION = YES;
				GCC_WARN_UNUSED_VARIABLE = YES;
				IPHONEOS_DEPLOYMENT_TARGET = 11.4;
				MTL_ENABLE_DEBUG_INFO = YES;
				ONLY_ACTIVE_ARCH = YES;
				SDKROOT = iphoneos;
				SWIFT_ACTIVE_COMPILATION_CONDITIONS = DEBUG;
				SWIFT_OPTIMIZATION_LEVEL = "-Onone";
			};
			name = Debug;
		};
		81745C0620F828F900C4A2ED /* Release */ = {
			isa = XCBuildConfiguration;
			buildSettings = {
				ALWAYS_SEARCH_USER_PATHS = NO;
				CLANG_ANALYZER_NONNULL = YES;
				CLANG_ANALYZER_NUMBER_OBJECT_CONVERSION = YES_AGGRESSIVE;
				CLANG_CXX_LANGUAGE_STANDARD = "gnu++14";
				CLANG_CXX_LIBRARY = "libc++";
				CLANG_ENABLE_MODULES = YES;
				CLANG_ENABLE_OBJC_ARC = YES;
				CLANG_ENABLE_OBJC_WEAK = YES;
				CLANG_WARN_BLOCK_CAPTURE_AUTORELEASING = YES;
				CLANG_WARN_BOOL_CONVERSION = YES;
				CLANG_WARN_COMMA = YES;
				CLANG_WARN_CONSTANT_CONVERSION = YES;
				CLANG_WARN_DEPRECATED_OBJC_IMPLEMENTATIONS = YES;
				CLANG_WARN_DIRECT_OBJC_ISA_USAGE = YES_ERROR;
				CLANG_WARN_DOCUMENTATION_COMMENTS = YES;
				CLANG_WARN_EMPTY_BODY = YES;
				CLANG_WARN_ENUM_CONVERSION = YES;
				CLANG_WARN_INFINITE_RECURSION = YES;
				CLANG_WARN_INT_CONVERSION = YES;
				CLANG_WARN_NON_LITERAL_NULL_CONVERSION = YES;
				CLANG_WARN_OBJC_IMPLICIT_RETAIN_SELF = YES;
				CLANG_WARN_OBJC_LITERAL_CONVERSION = YES;
				CLANG_WARN_OBJC_ROOT_CLASS = YES_ERROR;
				CLANG_WARN_RANGE_LOOP_ANALYSIS = YES;
				CLANG_WARN_STRICT_PROTOTYPES = YES;
				CLANG_WARN_SUSPICIOUS_MOVE = YES;
				CLANG_WARN_UNGUARDED_AVAILABILITY = YES_AGGRESSIVE;
				CLANG_WARN_UNREACHABLE_CODE = YES;
				CLANG_WARN__DUPLICATE_METHOD_MATCH = YES;
				CODE_SIGN_IDENTITY = "iPhone Developer";
				COPY_PHASE_STRIP = NO;
				DEBUG_INFORMATION_FORMAT = "dwarf-with-dsym";
				ENABLE_NS_ASSERTIONS = NO;
				ENABLE_STRICT_OBJC_MSGSEND = YES;
				GCC_C_LANGUAGE_STANDARD = gnu11;
				GCC_NO_COMMON_BLOCKS = YES;
				GCC_WARN_64_TO_32_BIT_CONVERSION = YES;
				GCC_WARN_ABOUT_RETURN_TYPE = YES_ERROR;
				GCC_WARN_UNDECLARED_SELECTOR = YES;
				GCC_WARN_UNINITIALIZED_AUTOS = YES_AGGRESSIVE;
				GCC_WARN_UNUSED_FUNCTION = YES;
				GCC_WARN_UNUSED_VARIABLE = YES;
				IPHONEOS_DEPLOYMENT_TARGET = 11.4;
				MTL_ENABLE_DEBUG_INFO = NO;
				SDKROOT = iphoneos;
				SWIFT_COMPILATION_MODE = wholemodule;
				SWIFT_OPTIMIZATION_LEVEL = "-O";
				VALIDATE_PRODUCT = YES;
			};
			name = Release;
		};
		81745C0820F828F900C4A2ED /* Debug */ = {
			isa = XCBuildConfiguration;
			buildSettings = {
				ASSETCATALOG_COMPILER_APPICON_NAME = AppIcon;
				CODE_SIGN_STYLE = Automatic;
				INFOPLIST_FILE = IMC/Info.plist;
				LD_RUNPATH_SEARCH_PATHS = (
					"$(inherited)",
					"@executable_path/Frameworks",
				);
				PRODUCT_BUNDLE_IDENTIFIER = br.vinicius.IMC;
				PRODUCT_NAME = "$(TARGET_NAME)";
				SWIFT_VERSION = 4.0;
				TARGETED_DEVICE_FAMILY = "1,2";
			};
			name = Debug;
		};
		81745C0920F828F900C4A2ED /* Release */ = {
			isa = XCBuildConfiguration;
			buildSettings = {
				ASSETCATALOG_COMPILER_APPICON_NAME = AppIcon;
				CODE_SIGN_STYLE = Automatic;
				INFOPLIST_FILE = IMC/Info.plist;
				LD_RUNPATH_SEARCH_PATHS = (
					"$(inherited)",
					"@executable_path/Frameworks",
				);
				PRODUCT_BUNDLE_IDENTIFIER = br.vinicius.IMC;
				PRODUCT_NAME = "$(TARGET_NAME)";
				SWIFT_VERSION = 4.0;
				TARGETED_DEVICE_FAMILY = "1,2";
			};
			name = Release;
		};
		81745C0B20F828F900C4A2ED /* Debug */ = {
			isa = XCBuildConfiguration;
			buildSettings = {
				ALWAYS_EMBED_SWIFT_STANDARD_LIBRARIES = YES;
				BUNDLE_LOADER = "$(TEST_HOST)";
				CODE_SIGN_STYLE = Automatic;
				INFOPLIST_FILE = IMCTests/Info.plist;
				LD_RUNPATH_SEARCH_PATHS = (
					"$(inherited)",
					"@executable_path/Frameworks",
					"@loader_path/Frameworks",
				);
				PRODUCT_BUNDLE_IDENTIFIER = br.vinicius.IMCTests;
				PRODUCT_NAME = "$(TARGET_NAME)";
				SWIFT_VERSION = 4.0;
				TARGETED_DEVICE_FAMILY = "1,2";
				TEST_HOST = "$(BUILT_PRODUCTS_DIR)/IMC.app/IMC";
			};
			name = Debug;
		};
		81745C0C20F828F900C4A2ED /* Release */ = {
			isa = XCBuildConfiguration;
			buildSettings = {
				ALWAYS_EMBED_SWIFT_STANDARD_LIBRARIES = YES;
				BUNDLE_LOADER = "$(TEST_HOST)";
				CODE_SIGN_STYLE = Automatic;
				INFOPLIST_FILE = IMCTests/Info.plist;
				LD_RUNPATH_SEARCH_PATHS = (
					"$(inherited)",
					"@executable_path/Frameworks",
					"@loader_path/Frameworks",
				);
				PRODUCT_BUNDLE_IDENTIFIER = br.vinicius.IMCTests;
				PRODUCT_NAME = "$(TARGET_NAME)";
				SWIFT_VERSION = 4.0;
				TARGETED_DEVICE_FAMILY = "1,2";
				TEST_HOST = "$(BUILT_PRODUCTS_DIR)/IMC.app/IMC";
			};
			name = Release;
		};
		81745C0E20F828F900C4A2ED /* Debug */ = {
			isa = XCBuildConfiguration;
			buildSettings = {
				ALWAYS_EMBED_SWIFT_STANDARD_LIBRARIES = YES;
				CODE_SIGN_STYLE = Automatic;
				INFOPLIST_FILE = IMCUITests/Info.plist;
				LD_RUNPATH_SEARCH_PATHS = (
					"$(inherited)",
					"@executable_path/Frameworks",
					"@loader_path/Frameworks",
				);
				PRODUCT_BUNDLE_IDENTIFIER = br.vinicius.IMCUITests;
				PRODUCT_NAME = "$(TARGET_NAME)";
				SWIFT_VERSION = 4.0;
				TARGETED_DEVICE_FAMILY = "1,2";
				TEST_TARGET_NAME = IMC;
			};
			name = Debug;
		};
		81745C0F20F828F900C4A2ED /* Release */ = {
			isa = XCBuildConfiguration;
			buildSettings = {
				ALWAYS_EMBED_SWIFT_STANDARD_LIBRARIES = YES;
				CODE_SIGN_STYLE = Automatic;
				INFOPLIST_FILE = IMCUITests/Info.plist;
				LD_RUNPATH_SEARCH_PATHS = (
					"$(inherited)",
					"@executable_path/Frameworks",
					"@loader_path/Frameworks",
				);
				PRODUCT_BUNDLE_IDENTIFIER = br.vinicius.IMCUITests;
				PRODUCT_NAME = "$(TARGET_NAME)";
				SWIFT_VERSION = 4.0;
				TARGETED_DEVICE_FAMILY = "1,2";
				TEST_TARGET_NAME = IMC;
			};
			name = Release;
		};
/* End XCBuildConfiguration section */

/* Begin XCConfigurationList section */
		81745BDA20F828F700C4A2ED /* Build configuration list for PBXProject "IMC" */ = {
			isa = XCConfigurationList;
			buildConfigurations = (
				81745C0520F828F900C4A2ED /* Debug */,
				81745C0620F828F900C4A2ED /* Release */,
			);
			defaultConfigurationIsVisible = 0;
			defaultConfigurationName = Release;
		};
		81745C0720F828F900C4A2ED /* Build configuration list for PBXNativeTarget "IMC" */ = {
			isa = XCConfigurationList;
			buildConfigurations = (
				81745C0820F828F900C4A2ED /* Debug */,
				81745C0920F828F900C4A2ED /* Release */,
			);
			defaultConfigurationIsVisible = 0;
			defaultConfigurationName = Release;
		};
		81745C0A20F828F900C4A2ED /* Build configuration list for PBXNativeTarget "IMCTests" */ = {
			isa = XCConfigurationList;
			buildConfigurations = (
				81745C0B20F828F900C4A2ED /* Debug */,
				81745C0C20F828F900C4A2ED /* Release */,
			);
			defaultConfigurationIsVisible = 0;
			defaultConfigurationName = Release;
		};
		81745C0D20F828F900C4A2ED /* Build configuration list for PBXNativeTarget "IMCUITests" */ = {
			isa = XCConfigurationList;
			buildConfigurations = (
				81745C0E20F828F900C4A2ED /* Debug */,
				81745C0F20F828F900C4A2ED /* Release */,
			);
			defaultConfigurationIsVisible = 0;
			defaultConfigurationName = Release;
		};
/* End XCConfigurationList section */
	};
	rootObject = 81745BD720F828F700C4A2ED /* Project object */;
}
